Microsoft Visual Studio Solution File, Format Version 12.00
# Visual Studio 2012
Project("{FAE04EC0-301F-11D3-BF4B-00C04F79EFBC}") = "GameDevJam2024", "GameDevJam2024.csproj", "{4AA5C61F-2548-4447-99EA-3F90F11150CE}"
EndProject
Global
	GlobalSection(SolutionConfigurationPlatforms) = preSolution
	Debug|Any CPU = Debug|Any CPU
	ExportDebug|Any CPU = ExportDebug|Any CPU
	ExportRelease|Any CPU = ExportRelease|Any CPU
	EndGlobalSection
	GlobalSection(ProjectConfigurationPlatforms) = postSolution
		{4AA5C61F-2548-4447-99EA-3F90F11150CE}.Debug|Any CPU.ActiveCfg = Debug|Any CPU
		{4AA5C61F-2548-4447-99EA-3F90F11150CE}.Debug|Any CPU.Build.0 = Debug|Any CPU
		{4AA5C61F-2548-4447-99EA-3F90F11150CE}.ExportDebug|Any CPU.ActiveCfg = ExportDebug|Any CPU
		{4AA5C61F-2548-4447-99EA-3F90F11150CE}.ExportDebug|Any CPU.Build.0 = ExportDebug|Any CPU
		{4AA5C61F-2548-4447-99EA-3F90F11150CE}.ExportRelease|Any CPU.ActiveCfg = ExportRelease|Any CPU
		{4AA5C61F-2548-4447-99EA-3F90F11150CE}.ExportRelease|Any CPU.Build.0 = ExportRelease|Any CPU
	EndGlobalSection
EndGlobal
